
Microsoft Visual Studio Solution File, Format Version 12.00
# Visual Studio Version 17
VisualStudioVersion = 17.8.34316.72
MinimumVisualStudioVersion = 10.0.40219.1
Project("{FAE04EC0-301F-11D3-BF4B-00C04F79EFBC}") = "AquariumMVC", "AquariumMVC\AquariumMVC.csproj", "{14C46AF6-11EB-4EF7-AD47-365A5321197F}"
EndProject
Global
	GlobalSection(SolutionConfigurationPlatforms) = preSolution
		Debug|Any CPU = Debug|Any CPU
		Release|Any CPU = Release|Any CPU
	EndGlobalSection
	GlobalSection(ProjectConfigurationPlatforms) = postSolution
		{14C46AF6-11EB-4EF7-AD47-365A5321197F}.Debug|Any CPU.ActiveCfg = Debug|Any CPU
		{14C46AF6-11EB-4EF7-AD47-365A5321197F}.Debug|Any CPU.Build.0 = Debug|Any CPU
		{14C46AF6-11EB-4EF7-AD47-365A5321197F}.Release|Any CPU.ActiveCfg = Release|Any CPU
		{14C46AF6-11EB-4EF7-AD47-365A5321197F}.Release|Any CPU.Build.0 = Release|Any CPU
	EndGlobalSection
	GlobalSection(SolutionProperties) = preSolution
		HideSolutionNode = FALSE
	EndGlobalSection
	GlobalSection(ExtensibilityGlobals) = postSolution
		SolutionGuid = {E3093A38-070B-4B10-9D1F-438840D752F0}
	EndGlobalSection
EndGlobal
